
Microsoft Visual Studio Solution File, Format Version 12.00
# Visual Studio Version 17
VisualStudioVersion = 17.3.32929.385
MinimumVisualStudioVersion = 10.0.40219.1
Project("{2150E333-8FDC-42A3-9474-1A3956D46DE8}") = "src", "src", "{6A65A769-DAC3-4E99-96F9-991F4CE8D164}"
	ProjectSection(SolutionItems) = preProject
		src\Directory.Build.props = src\Directory.Build.props
	EndProjectSection
EndProject
Project("{2150E333-8FDC-42A3-9474-1A3956D46DE8}") = "Extensions", "Extensions", "{F922E543-9AD4-4031-8BD1-8A7AA9771D1E}"
EndProject
Project("{2150E333-8FDC-42A3-9474-1A3956D46DE8}") = "DataContracts", "DataContracts", "{C3023E7B-AA8B-469E-8333-5737093A9D60}"
EndProject
Project("{2150E333-8FDC-42A3-9474-1A3956D46DE8}") = "test", "test", "{926A0726-B806-4215-82EF-AF8E22D0FACF}"
	ProjectSection(SolutionItems) = preProject
		test\Directory.Build.props = test\Directory.Build.props
		test\Directory.Packages.props = test\Directory.Packages.props
		test\xunit.runner.json = test\xunit.runner.json
	EndProjectSection
EndProject
Project("{9A19103F-16F7-4668-BE54-9A1E7A4F7556}") = "docfx", "src\docfx\docfx.csproj", "{EF53214F-BA98-4026-BEED-CF771865C312}"
EndProject
Project("{9A19103F-16F7-4668-BE54-9A1E7A4F7556}") = "Docfx.Glob", "src\Docfx.Glob\Docfx.Glob.csproj", "{7E877810-DC13-4A6C-8DFC-184C00A20B7C}"
EndProject
Project("{9A19103F-16F7-4668-BE54-9A1E7A4F7556}") = "Docfx.Plugins", "src\Docfx.Plugins\Docfx.Plugins.csproj", "{B6B96738-C338-4904-B932-4C05DB7D4DDE}"
EndProject
Project("{9A19103F-16F7-4668-BE54-9A1E7A4F7556}") = "Docfx.YamlSerialization", "src\Docfx.YamlSerialization\Docfx.YamlSerialization.csproj", "{59CF2F0F-4D4D-4096-8D22-595856CCCF72}"
EndProject
Project("{9A19103F-16F7-4668-BE54-9A1E7A4F7556}") = "Docfx.Common", "src\Docfx.Common\Docfx.Common.csproj", "{E1E085F6-67CD-4257-815C-F1DABF091BA4}"
EndProject
Project("{9A19103F-16F7-4668-BE54-9A1E7A4F7556}") = "Docfx.Build.Common", "src\Docfx.Build.Common\Docfx.Build.Common.csproj", "{1A6D574B-5CA8-4976-B0F1-9CF338A3A930}"
EndProject
Project("{9A19103F-16F7-4668-BE54-9A1E7A4F7556}") = "Docfx.Build", "src\Docfx.Build\Docfx.Build.csproj", "{A98C8639-61A5-444C-AAFB-B2CFBA66A550}"
EndProject
Project("{9A19103F-16F7-4668-BE54-9A1E7A4F7556}") = "Docfx.Build.ManagedReference", "src\Docfx.Build.ManagedReference\Docfx.Build.ManagedReference.csproj", "{C6459834-F6DE-4309-80AF-0E3CDB1FC14E}"
EndProject
Project("{9A19103F-16F7-4668-BE54-9A1E7A4F7556}") = "Docfx.Build.RestApi", "src\Docfx.Build.RestApi\Docfx.Build.RestApi.csproj", "{234FA4D1-75EF-48C6-8FB1-3D838173FD8C}"
EndProject
Project("{9A19103F-16F7-4668-BE54-9A1E7A4F7556}") = "Docfx.DataContracts.Common", "src\Docfx.DataContracts.Common\Docfx.DataContracts.Common.csproj", "{13E2771C-5C73-4B82-8911-55E1A70A3076}"
EndProject
Project("{9A19103F-16F7-4668-BE54-9A1E7A4F7556}") = "Docfx.DataContracts.RestApi", "src\Docfx.DataContracts.RestApi\Docfx.DataContracts.RestApi.csproj", "{05D9D594-E6F6-4887-8ECD-0FFFF7C92E68}"
EndProject
Project("{9A19103F-16F7-4668-BE54-9A1E7A4F7556}") = "Docfx.Tests.Common", "test\Docfx.Tests.Common\Docfx.Tests.Common.csproj", "{1D2D316B-4C70-4410-817A-DEDB5B0072A5}"
EndProject
Project("{9A19103F-16F7-4668-BE54-9A1E7A4F7556}") = "Docfx.Build.SchemaDriven", "src\Docfx.Build.SchemaDriven\Docfx.Build.SchemaDriven.csproj", "{2978E4CC-7D67-43DA-B6C9-09559C530EFC}"
EndProject
Project("{9A19103F-16F7-4668-BE54-9A1E7A4F7556}") = "Docfx.Build.UniversalReference", "src\Docfx.Build.UniversalReference\Docfx.Build.UniversalReference.csproj", "{DF88D1C8-1139-4174-8325-DD8166D6C3A4}"
EndProject
Project("{9A19103F-16F7-4668-BE54-9A1E7A4F7556}") = "Docfx.DataContracts.UniversalReference", "src\Docfx.DataContracts.UniversalReference\Docfx.DataContracts.UniversalReference.csproj", "{8C31E8EB-0CCB-4442-9DDB-79822BB7D8C3}"
EndProject
Project("{9A19103F-16F7-4668-BE54-9A1E7A4F7556}") = "Docfx.MarkdigEngine", "src\Docfx.MarkdigEngine\Docfx.MarkdigEngine.csproj", "{EA44B820-4C3A-476C-A514-C89CAA6A0F46}"
EndProject
Project("{9A19103F-16F7-4668-BE54-9A1E7A4F7556}") = "Docfx.MarkdigEngine.Extensions", "src\Docfx.MarkdigEngine.Extensions\Docfx.MarkdigEngine.Extensions.csproj", "{FD0365CB-3F03-43B0-9FB2-FB50047BF3E5}"
EndProject
Project("{2150E333-8FDC-42A3-9474-1A3956D46DE8}") = "Markdown", "Markdown", "{377A4748-C426-4D5E-9A25-6D1809A7B85C}"
EndProject
Project("{2150E333-8FDC-42A3-9474-1A3956D46DE8}") = "Common", "Common", "{C533106C-5699-450C-A18C-249364CBF58B}"
EndProject
Project("{9A19103F-16F7-4668-BE54-9A1E7A4F7556}") = "Docfx.App", "src\Docfx.App\Docfx.App.csproj", "{3C583CD1-3A86-40B3-9E2F-08A3178A6566}"
EndProject
Project("{9A19103F-16F7-4668-BE54-9A1E7A4F7556}") = "docfx.Snapshot.Tests", "test\docfx.Snapshot.Tests\docfx.Snapshot.Tests.csproj", "{3AC4C0C1-AC55-4E2D-8FF6-CE04A90B00B7}"
EndProject
Project("{9A19103F-16F7-4668-BE54-9A1E7A4F7556}") = "Docfx.Dotnet", "src\Docfx.Dotnet\Docfx.Dotnet.csproj", "{B4EFC288-DC3B-4700-8F76-3F286FA80395}"
EndProject
Project("{9A19103F-16F7-4668-BE54-9A1E7A4F7556}") = "Docfx.Build.TagLevelRestApi", "src\Docfx.Build.TagLevelRestApi\Docfx.Build.TagLevelRestApi.csproj", "{375A8EDE-3921-4988-A1E9-5C2E45D872B9}"
EndProject
Project("{9A19103F-16F7-4668-BE54-9A1E7A4F7556}") = "Docfx.Build.OperationLevelRestApi", "src\Docfx.Build.OperationLevelRestApi\Docfx.Build.OperationLevelRestApi.csproj", "{1A7BC32B-8283-423A-9D12-855FFFD6AAE1}"
EndProject
Project("{9A19103F-16F7-4668-BE54-9A1E7A4F7556}") = "Docfx.Build.OverwriteDocuments", "src\Docfx.Build.OverwriteDocuments\Docfx.Build.OverwriteDocuments.csproj", "{528A2D8B-4792-4202-987E-876E9D0EAF03}"
EndProject
Project("{2150E333-8FDC-42A3-9474-1A3956D46DE8}") = "Solution Items", "Solution Items", "{02EA681E-C7D8-13C7-8484-4AC65E1B71E8}"
	ProjectSection(SolutionItems) = preProject
		.editorconfig = .editorconfig
		Directory.Build.props = Directory.Build.props
		Directory.Packages.props = Directory.Packages.props
	EndProjectSection
EndProject
Global
	GlobalSection(SolutionConfigurationPlatforms) = preSolution
		Debug|Any CPU = Debug|Any CPU
		Debug|x64 = Debug|x64
		Debug|x86 = Debug|x86
		Release|Any CPU = Release|Any CPU
		Release|x64 = Release|x64
		Release|x86 = Release|x86
	EndGlobalSection
	GlobalSection(ProjectConfigurationPlatforms) = postSolution
		{EF53214F-BA98-4026-BEED-CF771865C312}.Debug|Any CPU.ActiveCfg = Debug|Any CPU
		{EF53214F-BA98-4026-BEED-CF771865C312}.Debug|Any CPU.Build.0 = Debug|Any CPU
		{EF53214F-BA98-4026-BEED-CF771865C312}.Debug|x64.ActiveCfg = Debug|Any CPU
		{EF53214F-BA98-4026-BEED-CF771865C312}.Debug|x64.Build.0 = Debug|Any CPU
		{EF53214F-BA98-4026-BEED-CF771865C312}.Debug|x86.ActiveCfg = Debug|Any CPU
		{EF53214F-BA98-4026-BEED-CF771865C312}.Debug|x86.Build.0 = Debug|Any CPU
		{EF53214F-BA98-4026-BEED-CF771865C312}.Release|Any CPU.ActiveCfg = Release|Any CPU
		{EF53214F-BA98-4026-BEED-CF771865C312}.Release|Any CPU.Build.0 = Release|Any CPU
		{EF53214F-BA98-4026-BEED-CF771865C312}.Release|x64.ActiveCfg = Release|Any CPU
		{EF53214F-BA98-4026-BEED-CF771865C312}.Release|x64.Build.0 = Release|Any CPU
		{EF53214F-BA98-4026-BEED-CF771865C312}.Release|x86.ActiveCfg = Release|Any CPU
		{EF53214F-BA98-4026-BEED-CF771865C312}.Release|x86.Build.0 = Release|Any CPU
		{7E877810-DC13-4A6C-8DFC-184C00A20B7C}.Debug|Any CPU.ActiveCfg = Debug|Any CPU
		{7E877810-DC13-4A6C-8DFC-184C00A20B7C}.Debug|Any CPU.Build.0 = Debug|Any CPU
		{7E877810-DC13-4A6C-8DFC-184C00A20B7C}.Debug|x64.ActiveCfg = Debug|Any CPU
		{7E877810-DC13-4A6C-8DFC-184C00A20B7C}.Debug|x64.Build.0 = Debug|Any CPU
		{7E877810-DC13-4A6C-8DFC-184C00A20B7C}.Debug|x86.ActiveCfg = Debug|Any CPU
		{7E877810-DC13-4A6C-8DFC-184C00A20B7C}.Debug|x86.Build.0 = Debug|Any CPU
		{7E877810-DC13-4A6C-8DFC-184C00A20B7C}.Release|Any CPU.ActiveCfg = Release|Any CPU
		{7E877810-DC13-4A6C-8DFC-184C00A20B7C}.Release|Any CPU.Build.0 = Release|Any CPU
		{7E877810-DC13-4A6C-8DFC-184C00A20B7C}.Release|x64.ActiveCfg = Release|Any CPU
		{7E877810-DC13-4A6C-8DFC-184C00A20B7C}.Release|x64.Build.0 = Release|Any CPU
		{7E877810-DC13-4A6C-8DFC-184C00A20B7C}.Release|x86.ActiveCfg = Release|Any CPU
		{7E877810-DC13-4A6C-8DFC-184C00A20B7C}.Release|x86.Build.0 = Release|Any CPU
		{B6B96738-C338-4904-B932-4C05DB7D4DDE}.Debug|Any CPU.ActiveCfg = Debug|Any CPU
		{B6B96738-C338-4904-B932-4C05DB7D4DDE}.Debug|Any CPU.Build.0 = Debug|Any CPU
		{B6B96738-C338-4904-B932-4C05DB7D4DDE}.Debug|x64.ActiveCfg = Debug|Any CPU
		{B6B96738-C338-4904-B932-4C05DB7D4DDE}.Debug|x64.Build.0 = Debug|Any CPU
		{B6B96738-C338-4904-B932-4C05DB7D4DDE}.Debug|x86.ActiveCfg = Debug|Any CPU
		{B6B96738-C338-4904-B932-4C05DB7D4DDE}.Debug|x86.Build.0 = Debug|Any CPU
		{B6B96738-C338-4904-B932-4C05DB7D4DDE}.Release|Any CPU.ActiveCfg = Release|Any CPU
		{B6B96738-C338-4904-B932-4C05DB7D4DDE}.Release|Any CPU.Build.0 = Release|Any CPU
		{B6B96738-C338-4904-B932-4C05DB7D4DDE}.Release|x64.ActiveCfg = Release|Any CPU
		{B6B96738-C338-4904-B932-4C05DB7D4DDE}.Release|x64.Build.0 = Release|Any CPU
		{B6B96738-C338-4904-B932-4C05DB7D4DDE}.Release|x86.ActiveCfg = Release|Any CPU
		{B6B96738-C338-4904-B932-4C05DB7D4DDE}.Release|x86.Build.0 = Release|Any CPU
		{59CF2F0F-4D4D-4096-8D22-595856CCCF72}.Debug|Any CPU.ActiveCfg = Debug|Any CPU
		{59CF2F0F-4D4D-4096-8D22-595856CCCF72}.Debug|Any CPU.Build.0 = Debug|Any CPU
		{59CF2F0F-4D4D-4096-8D22-595856CCCF72}.Debug|x64.ActiveCfg = Debug|Any CPU
		{59CF2F0F-4D4D-4096-8D22-595856CCCF72}.Debug|x64.Build.0 = Debug|Any CPU
		{59CF2F0F-4D4D-4096-8D22-595856CCCF72}.Debug|x86.ActiveCfg = Debug|Any CPU
		{59CF2F0F-4D4D-4096-8D22-595856CCCF72}.Debug|x86.Build.0 = Debug|Any CPU
		{59CF2F0F-4D4D-4096-8D22-595856CCCF72}.Release|Any CPU.ActiveCfg = Release|Any CPU
		{59CF2F0F-4D4D-4096-8D22-595856CCCF72}.Release|Any CPU.Build.0 = Release|Any CPU
		{59CF2F0F-4D4D-4096-8D22-595856CCCF72}.Release|x64.ActiveCfg = Release|Any CPU
		{59CF2F0F-4D4D-4096-8D22-595856CCCF72}.Release|x64.Build.0 = Release|Any CPU
		{59CF2F0F-4D4D-4096-8D22-595856CCCF72}.Release|x86.ActiveCfg = Release|Any CPU
		{59CF2F0F-4D4D-4096-8D22-595856CCCF72}.Release|x86.Build.0 = Release|Any CPU
		{E1E085F6-67CD-4257-815C-F1DABF091BA4}.Debug|Any CPU.ActiveCfg = Debug|Any CPU
		{E1E085F6-67CD-4257-815C-F1DABF091BA4}.Debug|Any CPU.Build.0 = Debug|Any CPU
		{E1E085F6-67CD-4257-815C-F1DABF091BA4}.Debug|x64.ActiveCfg = Debug|Any CPU
		{E1E085F6-67CD-4257-815C-F1DABF091BA4}.Debug|x64.Build.0 = Debug|Any CPU
		{E1E085F6-67CD-4257-815C-F1DABF091BA4}.Debug|x86.ActiveCfg = Debug|Any CPU
		{E1E085F6-67CD-4257-815C-F1DABF091BA4}.Debug|x86.Build.0 = Debug|Any CPU
		{E1E085F6-67CD-4257-815C-F1DABF091BA4}.Release|Any CPU.ActiveCfg = Release|Any CPU
		{E1E085F6-67CD-4257-815C-F1DABF091BA4}.Release|Any CPU.Build.0 = Release|Any CPU
		{E1E085F6-67CD-4257-815C-F1DABF091BA4}.Release|x64.ActiveCfg = Release|Any CPU
		{E1E085F6-67CD-4257-815C-F1DABF091BA4}.Release|x64.Build.0 = Release|Any CPU
		{E1E085F6-67CD-4257-815C-F1DABF091BA4}.Release|x86.ActiveCfg = Release|Any CPU
		{E1E085F6-67CD-4257-815C-F1DABF091BA4}.Release|x86.Build.0 = Release|Any CPU
		{1A6D574B-5CA8-4976-B0F1-9CF338A3A930}.Debug|Any CPU.ActiveCfg = Debug|Any CPU
		{1A6D574B-5CA8-4976-B0F1-9CF338A3A930}.Debug|Any CPU.Build.0 = Debug|Any CPU
		{1A6D574B-5CA8-4976-B0F1-9CF338A3A930}.Debug|x64.ActiveCfg = Debug|Any CPU
		{1A6D574B-5CA8-4976-B0F1-9CF338A3A930}.Debug|x64.Build.0 = Debug|Any CPU
		{1A6D574B-5CA8-4976-B0F1-9CF338A3A930}.Debug|x86.ActiveCfg = Debug|Any CPU
		{1A6D574B-5CA8-4976-B0F1-9CF338A3A930}.Debug|x86.Build.0 = Debug|Any CPU
		{1A6D574B-5CA8-4976-B0F1-9CF338A3A930}.Release|Any CPU.ActiveCfg = Release|Any CPU
		{1A6D574B-5CA8-4976-B0F1-9CF338A3A930}.Release|Any CPU.Build.0 = Release|Any CPU
		{1A6D574B-5CA8-4976-B0F1-9CF338A3A930}.Release|x64.ActiveCfg = Release|Any CPU
		{1A6D574B-5CA8-4976-B0F1-9CF338A3A930}.Release|x64.Build.0 = Release|Any CPU
		{1A6D574B-5CA8-4976-B0F1-9CF338A3A930}.Release|x86.ActiveCfg = Release|Any CPU
		{1A6D574B-5CA8-4976-B0F1-9CF338A3A930}.Release|x86.Build.0 = Release|Any CPU
		{A98C8639-61A5-444C-AAFB-B2CFBA66A550}.Debug|Any CPU.ActiveCfg = Debug|Any CPU
		{A98C8639-61A5-444C-AAFB-B2CFBA66A550}.Debug|Any CPU.Build.0 = Debug|Any CPU
		{A98C8639-61A5-444C-AAFB-B2CFBA66A550}.Debug|x64.ActiveCfg = Debug|Any CPU
		{A98C8639-61A5-444C-AAFB-B2CFBA66A550}.Debug|x64.Build.0 = Debug|Any CPU
		{A98C8639-61A5-444C-AAFB-B2CFBA66A550}.Debug|x86.ActiveCfg = Debug|Any CPU
		{A98C8639-61A5-444C-AAFB-B2CFBA66A550}.Debug|x86.Build.0 = Debug|Any CPU
		{A98C8639-61A5-444C-AAFB-B2CFBA66A550}.Release|Any CPU.ActiveCfg = Release|Any CPU
		{A98C8639-61A5-444C-AAFB-B2CFBA66A550}.Release|Any CPU.Build.0 = Release|Any CPU
		{A98C8639-61A5-444C-AAFB-B2CFBA66A550}.Release|x64.ActiveCfg = Release|Any CPU
		{A98C8639-61A5-444C-AAFB-B2CFBA66A550}.Release|x64.Build.0 = Release|Any CPU
		{A98C8639-61A5-444C-AAFB-B2CFBA66A550}.Release|x86.ActiveCfg = Release|Any CPU
		{A98C8639-61A5-444C-AAFB-B2CFBA66A550}.Release|x86.Build.0 = Release|Any CPU
		{C6459834-F6DE-4309-80AF-0E3CDB1FC14E}.Debug|Any CPU.ActiveCfg = Debug|Any CPU
		{C6459834-F6DE-4309-80AF-0E3CDB1FC14E}.Debug|Any CPU.Build.0 = Debug|Any CPU
		{C6459834-F6DE-4309-80AF-0E3CDB1FC14E}.Debug|x64.ActiveCfg = Debug|Any CPU
		{C6459834-F6DE-4309-80AF-0E3CDB1FC14E}.Debug|x64.Build.0 = Debug|Any CPU
		{C6459834-F6DE-4309-80AF-0E3CDB1FC14E}.Debug|x86.ActiveCfg = Debug|Any CPU
		{C6459834-F6DE-4309-80AF-0E3CDB1FC14E}.Debug|x86.Build.0 = Debug|Any CPU
		{C6459834-F6DE-4309-80AF-0E3CDB1FC14E}.Release|Any CPU.ActiveCfg = Release|Any CPU
		{C6459834-F6DE-4309-80AF-0E3CDB1FC14E}.Release|Any CPU.Build.0 = Release|Any CPU
		{C6459834-F6DE-4309-80AF-0E3CDB1FC14E}.Release|x64.ActiveCfg = Release|Any CPU
		{C6459834-F6DE-4309-80AF-0E3CDB1FC14E}.Release|x64.Build.0 = Release|Any CPU
		{C6459834-F6DE-4309-80AF-0E3CDB1FC14E}.Release|x86.ActiveCfg = Release|Any CPU
		{C6459834-F6DE-4309-80AF-0E3CDB1FC14E}.Release|x86.Build.0 = Release|Any CPU
		{234FA4D1-75EF-48C6-8FB1-3D838173FD8C}.Debug|Any CPU.ActiveCfg = Debug|Any CPU
		{234FA4D1-75EF-48C6-8FB1-3D838173FD8C}.Debug|Any CPU.Build.0 = Debug|Any CPU
		{234FA4D1-75EF-48C6-8FB1-3D838173FD8C}.Debug|x64.ActiveCfg = Debug|Any CPU
		{234FA4D1-75EF-48C6-8FB1-3D838173FD8C}.Debug|x64.Build.0 = Debug|Any CPU
		{234FA4D1-75EF-48C6-8FB1-3D838173FD8C}.Debug|x86.ActiveCfg = Debug|Any CPU
		{234FA4D1-75EF-48C6-8FB1-3D838173FD8C}.Debug|x86.Build.0 = Debug|Any CPU
		{234FA4D1-75EF-48C6-8FB1-3D838173FD8C}.Release|Any CPU.ActiveCfg = Release|Any CPU
		{234FA4D1-75EF-48C6-8FB1-3D838173FD8C}.Release|Any CPU.Build.0 = Release|Any CPU
		{234FA4D1-75EF-48C6-8FB1-3D838173FD8C}.Release|x64.ActiveCfg = Release|Any CPU
		{234FA4D1-75EF-48C6-8FB1-3D838173FD8C}.Release|x64.Build.0 = Release|Any CPU
		{234FA4D1-75EF-48C6-8FB1-3D838173FD8C}.Release|x86.ActiveCfg = Release|Any CPU
		{234FA4D1-75EF-48C6-8FB1-3D838173FD8C}.Release|x86.Build.0 = Release|Any CPU
		{13E2771C-5C73-4B82-8911-55E1A70A3076}.Debug|Any CPU.ActiveCfg = Debug|Any CPU
		{13E2771C-5C73-4B82-8911-55E1A70A3076}.Debug|Any CPU.Build.0 = Debug|Any CPU
		{13E2771C-5C73-4B82-8911-55E1A70A3076}.Debug|x64.ActiveCfg = Debug|Any CPU
		{13E2771C-5C73-4B82-8911-55E1A70A3076}.Debug|x64.Build.0 = Debug|Any CPU
		{13E2771C-5C73-4B82-8911-55E1A70A3076}.Debug|x86.ActiveCfg = Debug|Any CPU
		{13E2771C-5C73-4B82-8911-55E1A70A3076}.Debug|x86.Build.0 = Debug|Any CPU
		{13E2771C-5C73-4B82-8911-55E1A70A3076}.Release|Any CPU.ActiveCfg = Release|Any CPU
		{13E2771C-5C73-4B82-8911-55E1A70A3076}.Release|Any CPU.Build.0 = Release|Any CPU
		{13E2771C-5C73-4B82-8911-55E1A70A3076}.Release|x64.ActiveCfg = Release|Any CPU
		{13E2771C-5C73-4B82-8911-55E1A70A3076}.Release|x64.Build.0 = Release|Any CPU
		{13E2771C-5C73-4B82-8911-55E1A70A3076}.Release|x86.ActiveCfg = Release|Any CPU
		{13E2771C-5C73-4B82-8911-55E1A70A3076}.Release|x86.Build.0 = Release|Any CPU
		{05D9D594-E6F6-4887-8ECD-0FFFF7C92E68}.Debug|Any CPU.ActiveCfg = Debug|Any CPU
		{05D9D594-E6F6-4887-8ECD-0FFFF7C92E68}.Debug|Any CPU.Build.0 = Debug|Any CPU
		{05D9D594-E6F6-4887-8ECD-0FFFF7C92E68}.Debug|x64.ActiveCfg = Debug|Any CPU
		{05D9D594-E6F6-4887-8ECD-0FFFF7C92E68}.Debug|x64.Build.0 = Debug|Any CPU
		{05D9D594-E6F6-4887-8ECD-0FFFF7C92E68}.Debug|x86.ActiveCfg = Debug|Any CPU
		{05D9D594-E6F6-4887-8ECD-0FFFF7C92E68}.Debug|x86.Build.0 = Debug|Any CPU
		{05D9D594-E6F6-4887-8ECD-0FFFF7C92E68}.Release|Any CPU.ActiveCfg = Release|Any CPU
		{05D9D594-E6F6-4887-8ECD-0FFFF7C92E68}.Release|Any CPU.Build.0 = Release|Any CPU
		{05D9D594-E6F6-4887-8ECD-0FFFF7C92E68}.Release|x64.ActiveCfg = Release|Any CPU
		{05D9D594-E6F6-4887-8ECD-0FFFF7C92E68}.Release|x64.Build.0 = Release|Any CPU
		{05D9D594-E6F6-4887-8ECD-0FFFF7C92E68}.Release|x86.ActiveCfg = Release|Any CPU
		{05D9D594-E6F6-4887-8ECD-0FFFF7C92E68}.Release|x86.Build.0 = Release|Any CPU
		{1D2D316B-4C70-4410-817A-DEDB5B0072A5}.Debug|Any CPU.ActiveCfg = Debug|Any CPU
		{1D2D316B-4C70-4410-817A-DEDB5B0072A5}.Debug|Any CPU.Build.0 = Debug|Any CPU
		{1D2D316B-4C70-4410-817A-DEDB5B0072A5}.Debug|x64.ActiveCfg = Debug|Any CPU
		{1D2D316B-4C70-4410-817A-DEDB5B0072A5}.Debug|x64.Build.0 = Debug|Any CPU
		{1D2D316B-4C70-4410-817A-DEDB5B0072A5}.Debug|x86.ActiveCfg = Debug|Any CPU
		{1D2D316B-4C70-4410-817A-DEDB5B0072A5}.Debug|x86.Build.0 = Debug|Any CPU
		{1D2D316B-4C70-4410-817A-DEDB5B0072A5}.Release|Any CPU.ActiveCfg = Release|Any CPU
		{1D2D316B-4C70-4410-817A-DEDB5B0072A5}.Release|Any CPU.Build.0 = Release|Any CPU
		{1D2D316B-4C70-4410-817A-DEDB5B0072A5}.Release|x64.ActiveCfg = Release|Any CPU
		{1D2D316B-4C70-4410-817A-DEDB5B0072A5}.Release|x64.Build.0 = Release|Any CPU
		{1D2D316B-4C70-4410-817A-DEDB5B0072A5}.Release|x86.ActiveCfg = Release|Any CPU
		{1D2D316B-4C70-4410-817A-DEDB5B0072A5}.Release|x86.Build.0 = Release|Any CPU
		{2978E4CC-7D67-43DA-B6C9-09559C530EFC}.Debug|Any CPU.ActiveCfg = Debug|Any CPU
		{2978E4CC-7D67-43DA-B6C9-09559C530EFC}.Debug|Any CPU.Build.0 = Debug|Any CPU
		{2978E4CC-7D67-43DA-B6C9-09559C530EFC}.Debug|x64.ActiveCfg = Debug|Any CPU
		{2978E4CC-7D67-43DA-B6C9-09559C530EFC}.Debug|x64.Build.0 = Debug|Any CPU
		{2978E4CC-7D67-43DA-B6C9-09559C530EFC}.Debug|x86.ActiveCfg = Debug|Any CPU
		{2978E4CC-7D67-43DA-B6C9-09559C530EFC}.Debug|x86.Build.0 = Debug|Any CPU
		{2978E4CC-7D67-43DA-B6C9-09559C530EFC}.Release|Any CPU.ActiveCfg = Release|Any CPU
		{2978E4CC-7D67-43DA-B6C9-09559C530EFC}.Release|Any CPU.Build.0 = Release|Any CPU
		{2978E4CC-7D67-43DA-B6C9-09559C530EFC}.Release|x64.ActiveCfg = Release|Any CPU
		{2978E4CC-7D67-43DA-B6C9-09559C530EFC}.Release|x64.Build.0 = Release|Any CPU
		{2978E4CC-7D67-43DA-B6C9-09559C530EFC}.Release|x86.ActiveCfg = Release|Any CPU
		{2978E4CC-7D67-43DA-B6C9-09559C530EFC}.Release|x86.Build.0 = Release|Any CPU
		{DF88D1C8-1139-4174-8325-DD8166D6C3A4}.Debug|Any CPU.ActiveCfg = Debug|Any CPU
		{DF88D1C8-1139-4174-8325-DD8166D6C3A4}.Debug|Any CPU.Build.0 = Debug|Any CPU
		{DF88D1C8-1139-4174-8325-DD8166D6C3A4}.Debug|x64.ActiveCfg = Debug|Any CPU
		{DF88D1C8-1139-4174-8325-DD8166D6C3A4}.Debug|x64.Build.0 = Debug|Any CPU
		{DF88D1C8-1139-4174-8325-DD8166D6C3A4}.Debug|x86.ActiveCfg = Debug|Any CPU
		{DF88D1C8-1139-4174-8325-DD8166D6C3A4}.Debug|x86.Build.0 = Debug|Any CPU
		{DF88D1C8-1139-4174-8325-DD8166D6C3A4}.Release|Any CPU.ActiveCfg = Release|Any CPU
		{DF88D1C8-1139-4174-8325-DD8166D6C3A4}.Release|Any CPU.Build.0 = Release|Any CPU
		{DF88D1C8-1139-4174-8325-DD8166D6C3A4}.Release|x64.ActiveCfg = Release|Any CPU
		{DF88D1C8-1139-4174-8325-DD8166D6C3A4}.Release|x64.Build.0 = Release|Any CPU
		{DF88D1C8-1139-4174-8325-DD8166D6C3A4}.Release|x86.ActiveCfg = Release|Any CPU
		{DF88D1C8-1139-4174-8325-DD8166D6C3A4}.Release|x86.Build.0 = Release|Any CPU
		{8C31E8EB-0CCB-4442-9DDB-79822BB7D8C3}.Debug|Any CPU.ActiveCfg = Debug|Any CPU
		{8C31E8EB-0CCB-4442-9DDB-79822BB7D8C3}.Debug|Any CPU.Build.0 = Debug|Any CPU
		{8C31E8EB-0CCB-4442-9DDB-79822BB7D8C3}.Debug|x64.ActiveCfg = Debug|Any CPU
		{8C31E8EB-0CCB-4442-9DDB-79822BB7D8C3}.Debug|x64.Build.0 = Debug|Any CPU
		{8C31E8EB-0CCB-4442-9DDB-79822BB7D8C3}.Debug|x86.ActiveCfg = Debug|Any CPU
		{8C31E8EB-0CCB-4442-9DDB-79822BB7D8C3}.Debug|x86.Build.0 = Debug|Any CPU
		{8C31E8EB-0CCB-4442-9DDB-79822BB7D8C3}.Release|Any CPU.ActiveCfg = Release|Any CPU
		{8C31E8EB-0CCB-4442-9DDB-79822BB7D8C3}.Release|Any CPU.Build.0 = Release|Any CPU
		{8C31E8EB-0CCB-4442-9DDB-79822BB7D8C3}.Release|x64.ActiveCfg = Release|Any CPU
		{8C31E8EB-0CCB-4442-9DDB-79822BB7D8C3}.Release|x64.Build.0 = Release|Any CPU
		{8C31E8EB-0CCB-4442-9DDB-79822BB7D8C3}.Release|x86.ActiveCfg = Release|Any CPU
		{8C31E8EB-0CCB-4442-9DDB-79822BB7D8C3}.Release|x86.Build.0 = Release|Any CPU
		{EA44B820-4C3A-476C-A514-C89CAA6A0F46}.Debug|Any CPU.ActiveCfg = Debug|Any CPU
		{EA44B820-4C3A-476C-A514-C89CAA6A0F46}.Debug|Any CPU.Build.0 = Debug|Any CPU
		{EA44B820-4C3A-476C-A514-C89CAA6A0F46}.Debug|x64.ActiveCfg = Debug|Any CPU
		{EA44B820-4C3A-476C-A514-C89CAA6A0F46}.Debug|x64.Build.0 = Debug|Any CPU
		{EA44B820-4C3A-476C-A514-C89CAA6A0F46}.Debug|x86.ActiveCfg = Debug|Any CPU
		{EA44B820-4C3A-476C-A514-C89CAA6A0F46}.Debug|x86.Build.0 = Debug|Any CPU
		{EA44B820-4C3A-476C-A514-C89CAA6A0F46}.Release|Any CPU.ActiveCfg = Release|Any CPU
		{EA44B820-4C3A-476C-A514-C89CAA6A0F46}.Release|Any CPU.Build.0 = Release|Any CPU
		{EA44B820-4C3A-476C-A514-C89CAA6A0F46}.Release|x64.ActiveCfg = Release|Any CPU
		{EA44B820-4C3A-476C-A514-C89CAA6A0F46}.Release|x64.Build.0 = Release|Any CPU
		{EA44B820-4C3A-476C-A514-C89CAA6A0F46}.Release|x86.ActiveCfg = Release|Any CPU
		{EA44B820-4C3A-476C-A514-C89CAA6A0F46}.Release|x86.Build.0 = Release|Any CPU
		{FD0365CB-3F03-43B0-9FB2-FB50047BF3E5}.Debug|Any CPU.ActiveCfg = Debug|Any CPU
		{FD0365CB-3F03-43B0-9FB2-FB50047BF3E5}.Debug|Any CPU.Build.0 = Debug|Any CPU
		{FD0365CB-3F03-43B0-9FB2-FB50047BF3E5}.Debug|x64.ActiveCfg = Debug|Any CPU
		{FD0365CB-3F03-43B0-9FB2-FB50047BF3E5}.Debug|x64.Build.0 = Debug|Any CPU
		{FD0365CB-3F03-43B0-9FB2-FB50047BF3E5}.Debug|x86.ActiveCfg = Debug|Any CPU
		{FD0365CB-3F03-43B0-9FB2-FB50047BF3E5}.Debug|x86.Build.0 = Debug|Any CPU
		{FD0365CB-3F03-43B0-9FB2-FB50047BF3E5}.Release|Any CPU.ActiveCfg = Release|Any CPU
		{FD0365CB-3F03-43B0-9FB2-FB50047BF3E5}.Release|Any CPU.Build.0 = Release|Any CPU
		{FD0365CB-3F03-43B0-9FB2-FB50047BF3E5}.Release|x64.ActiveCfg = Release|Any CPU
		{FD0365CB-3F03-43B0-9FB2-FB50047BF3E5}.Release|x64.Build.0 = Release|Any CPU
		{FD0365CB-3F03-43B0-9FB2-FB50047BF3E5}.Release|x86.ActiveCfg = Release|Any CPU
		{FD0365CB-3F03-43B0-9FB2-FB50047BF3E5}.Release|x86.Build.0 = Release|Any CPU
		{3C583CD1-3A86-40B3-9E2F-08A3178A6566}.Debug|Any CPU.ActiveCfg = Debug|Any CPU
		{3C583CD1-3A86-40B3-9E2F-08A3178A6566}.Debug|Any CPU.Build.0 = Debug|Any CPU
		{3C583CD1-3A86-40B3-9E2F-08A3178A6566}.Debug|x64.ActiveCfg = Debug|Any CPU
		{3C583CD1-3A86-40B3-9E2F-08A3178A6566}.Debug|x64.Build.0 = Debug|Any CPU
		{3C583CD1-3A86-40B3-9E2F-08A3178A6566}.Debug|x86.ActiveCfg = Debug|Any CPU
		{3C583CD1-3A86-40B3-9E2F-08A3178A6566}.Debug|x86.Build.0 = Debug|Any CPU
		{3C583CD1-3A86-40B3-9E2F-08A3178A6566}.Release|Any CPU.ActiveCfg = Release|Any CPU
		{3C583CD1-3A86-40B3-9E2F-08A3178A6566}.Release|Any CPU.Build.0 = Release|Any CPU
		{3C583CD1-3A86-40B3-9E2F-08A3178A6566}.Release|x64.ActiveCfg = Release|Any CPU
		{3C583CD1-3A86-40B3-9E2F-08A3178A6566}.Release|x64.Build.0 = Release|Any CPU
		{3C583CD1-3A86-40B3-9E2F-08A3178A6566}.Release|x86.ActiveCfg = Release|Any CPU
		{3C583CD1-3A86-40B3-9E2F-08A3178A6566}.Release|x86.Build.0 = Release|Any CPU
		{3AC4C0C1-AC55-4E2D-8FF6-CE04A90B00B7}.Debug|Any CPU.ActiveCfg = Debug|Any CPU
		{3AC4C0C1-AC55-4E2D-8FF6-CE04A90B00B7}.Debug|Any CPU.Build.0 = Debug|Any CPU
		{3AC4C0C1-AC55-4E2D-8FF6-CE04A90B00B7}.Debug|x64.ActiveCfg = Debug|Any CPU
		{3AC4C0C1-AC55-4E2D-8FF6-CE04A90B00B7}.Debug|x64.Build.0 = Debug|Any CPU
		{3AC4C0C1-AC55-4E2D-8FF6-CE04A90B00B7}.Debug|x86.ActiveCfg = Debug|Any CPU
		{3AC4C0C1-AC55-4E2D-8FF6-CE04A90B00B7}.Debug|x86.Build.0 = Debug|Any CPU
		{3AC4C0C1-AC55-4E2D-8FF6-CE04A90B00B7}.Release|Any CPU.ActiveCfg = Release|Any CPU
		{3AC4C0C1-AC55-4E2D-8FF6-CE04A90B00B7}.Release|Any CPU.Build.0 = Release|Any CPU
		{3AC4C0C1-AC55-4E2D-8FF6-CE04A90B00B7}.Release|x64.ActiveCfg = Release|Any CPU
		{3AC4C0C1-AC55-4E2D-8FF6-CE04A90B00B7}.Release|x64.Build.0 = Release|Any CPU
		{3AC4C0C1-AC55-4E2D-8FF6-CE04A90B00B7}.Release|x86.ActiveCfg = Release|Any CPU
		{3AC4C0C1-AC55-4E2D-8FF6-CE04A90B00B7}.Release|x86.Build.0 = Release|Any CPU
		{B4EFC288-DC3B-4700-8F76-3F286FA80395}.Debug|Any CPU.ActiveCfg = Debug|Any CPU
		{B4EFC288-DC3B-4700-8F76-3F286FA80395}.Debug|Any CPU.Build.0 = Debug|Any CPU
		{B4EFC288-DC3B-4700-8F76-3F286FA80395}.Debug|x64.ActiveCfg = Debug|Any CPU
		{B4EFC288-DC3B-4700-8F76-3F286FA80395}.Debug|x64.Build.0 = Debug|Any CPU
		{B4EFC288-DC3B-4700-8F76-3F286FA80395}.Debug|x86.ActiveCfg = Debug|Any CPU
		{B4EFC288-DC3B-4700-8F76-3F286FA80395}.Debug|x86.Build.0 = Debug|Any CPU
		{B4EFC288-DC3B-4700-8F76-3F286FA80395}.Release|Any CPU.ActiveCfg = Release|Any CPU
		{B4EFC288-DC3B-4700-8F76-3F286FA80395}.Release|Any CPU.Build.0 = Release|Any CPU
		{B4EFC288-DC3B-4700-8F76-3F286FA80395}.Release|x64.ActiveCfg = Release|Any CPU
		{B4EFC288-DC3B-4700-8F76-3F286FA80395}.Release|x64.Build.0 = Release|Any CPU
		{B4EFC288-DC3B-4700-8F76-3F286FA80395}.Release|x86.ActiveCfg = Release|Any CPU
		{B4EFC288-DC3B-4700-8F76-3F286FA80395}.Release|x86.Build.0 = Release|Any CPU
		{375A8EDE-3921-4988-A1E9-5C2E45D872B9}.Debug|Any CPU.ActiveCfg = Debug|Any CPU
		{375A8EDE-3921-4988-A1E9-5C2E45D872B9}.Debug|Any CPU.Build.0 = Debug|Any CPU
		{375A8EDE-3921-4988-A1E9-5C2E45D872B9}.Debug|x64.ActiveCfg = Debug|Any CPU
		{375A8EDE-3921-4988-A1E9-5C2E45D872B9}.Debug|x64.Build.0 = Debug|Any CPU
		{375A8EDE-3921-4988-A1E9-5C2E45D872B9}.Debug|x86.ActiveCfg = Debug|Any CPU
		{375A8EDE-3921-4988-A1E9-5C2E45D872B9}.Debug|x86.Build.0 = Debug|Any CPU
		{375A8EDE-3921-4988-A1E9-5C2E45D872B9}.Release|Any CPU.ActiveCfg = Release|Any CPU
		{375A8EDE-3921-4988-A1E9-5C2E45D872B9}.Release|Any CPU.Build.0 = Release|Any CPU
		{375A8EDE-3921-4988-A1E9-5C2E45D872B9}.Release|x64.ActiveCfg = Release|Any CPU
		{375A8EDE-3921-4988-A1E9-5C2E45D872B9}.Release|x64.Build.0 = Release|Any CPU
		{375A8EDE-3921-4988-A1E9-5C2E45D872B9}.Release|x86.ActiveCfg = Release|Any CPU
		{375A8EDE-3921-4988-A1E9-5C2E45D872B9}.Release|x86.Build.0 = Release|Any CPU
		{1A7BC32B-8283-423A-9D12-855FFFD6AAE1}.Debug|Any CPU.ActiveCfg = Debug|Any CPU
		{1A7BC32B-8283-423A-9D12-855FFFD6AAE1}.Debug|Any CPU.Build.0 = Debug|Any CPU
		{1A7BC32B-8283-423A-9D12-855FFFD6AAE1}.Debug|x64.ActiveCfg = Debug|Any CPU
		{1A7BC32B-8283-423A-9D12-855FFFD6AAE1}.Debug|x64.Build.0 = Debug|Any CPU
		{1A7BC32B-8283-423A-9D12-855FFFD6AAE1}.Debug|x86.ActiveCfg = Debug|Any CPU
		{1A7BC32B-8283-423A-9D12-855FFFD6AAE1}.Debug|x86.Build.0 = Debug|Any CPU
		{1A7BC32B-8283-423A-9D12-855FFFD6AAE1}.Release|Any CPU.ActiveCfg = Release|Any CPU
		{1A7BC32B-8283-423A-9D12-855FFFD6AAE1}.Release|Any CPU.Build.0 = Release|Any CPU
		{1A7BC32B-8283-423A-9D12-855FFFD6AAE1}.Release|x64.ActiveCfg = Release|Any CPU
		{1A7BC32B-8283-423A-9D12-855FFFD6AAE1}.Release|x64.Build.0 = Release|Any CPU
		{1A7BC32B-8283-423A-9D12-855FFFD6AAE1}.Release|x86.ActiveCfg = Release|Any CPU
		{1A7BC32B-8283-423A-9D12-855FFFD6AAE1}.Release|x86.Build.0 = Release|Any CPU
		{528A2D8B-4792-4202-987E-876E9D0EAF03}.Debug|Any CPU.ActiveCfg = Debug|Any CPU
		{528A2D8B-4792-4202-987E-876E9D0EAF03}.Debug|Any CPU.Build.0 = Debug|Any CPU
		{528A2D8B-4792-4202-987E-876E9D0EAF03}.Debug|x64.ActiveCfg = Debug|Any CPU
		{528A2D8B-4792-4202-987E-876E9D0EAF03}.Debug|x64.Build.0 = Debug|Any CPU
		{528A2D8B-4792-4202-987E-876E9D0EAF03}.Debug|x86.ActiveCfg = Debug|Any CPU
		{528A2D8B-4792-4202-987E-876E9D0EAF03}.Debug|x86.Build.0 = Debug|Any CPU
		{528A2D8B-4792-4202-987E-876E9D0EAF03}.Release|Any CPU.ActiveCfg = Release|Any CPU
		{528A2D8B-4792-4202-987E-876E9D0EAF03}.Release|Any CPU.Build.0 = Release|Any CPU
		{528A2D8B-4792-4202-987E-876E9D0EAF03}.Release|x64.ActiveCfg = Release|Any CPU
		{528A2D8B-4792-4202-987E-876E9D0EAF03}.Release|x64.Build.0 = Release|Any CPU
		{528A2D8B-4792-4202-987E-876E9D0EAF03}.Release|x86.ActiveCfg = Release|Any CPU
		{528A2D8B-4792-4202-987E-876E9D0EAF03}.Release|x86.Build.0 = Release|Any CPU
	EndGlobalSection
	GlobalSection(SolutionProperties) = preSolution
		HideSolutionNode = FALSE
	EndGlobalSection
	GlobalSection(NestedProjects) = preSolution
		{F922E543-9AD4-4031-8BD1-8A7AA9771D1E} = {6A65A769-DAC3-4E99-96F9-991F4CE8D164}
		{C3023E7B-AA8B-469E-8333-5737093A9D60} = {6A65A769-DAC3-4E99-96F9-991F4CE8D164}
		{EF53214F-BA98-4026-BEED-CF771865C312} = {6A65A769-DAC3-4E99-96F9-991F4CE8D164}
		{7E877810-DC13-4A6C-8DFC-184C00A20B7C} = {C533106C-5699-450C-A18C-249364CBF58B}
		{B6B96738-C338-4904-B932-4C05DB7D4DDE} = {C533106C-5699-450C-A18C-249364CBF58B}
		{59CF2F0F-4D4D-4096-8D22-595856CCCF72} = {C533106C-5699-450C-A18C-249364CBF58B}
		{E1E085F6-67CD-4257-815C-F1DABF091BA4} = {C533106C-5699-450C-A18C-249364CBF58B}
		{1A6D574B-5CA8-4976-B0F1-9CF338A3A930} = {C533106C-5699-450C-A18C-249364CBF58B}
		{A98C8639-61A5-444C-AAFB-B2CFBA66A550} = {6A65A769-DAC3-4E99-96F9-991F4CE8D164}
		{C6459834-F6DE-4309-80AF-0E3CDB1FC14E} = {F922E543-9AD4-4031-8BD1-8A7AA9771D1E}
		{234FA4D1-75EF-48C6-8FB1-3D838173FD8C} = {F922E543-9AD4-4031-8BD1-8A7AA9771D1E}
		{13E2771C-5C73-4B82-8911-55E1A70A3076} = {C3023E7B-AA8B-469E-8333-5737093A9D60}
		{05D9D594-E6F6-4887-8ECD-0FFFF7C92E68} = {C3023E7B-AA8B-469E-8333-5737093A9D60}
		{1D2D316B-4C70-4410-817A-DEDB5B0072A5} = {926A0726-B806-4215-82EF-AF8E22D0FACF}
		{2978E4CC-7D67-43DA-B6C9-09559C530EFC} = {F922E543-9AD4-4031-8BD1-8A7AA9771D1E}
		{DF88D1C8-1139-4174-8325-DD8166D6C3A4} = {F922E543-9AD4-4031-8BD1-8A7AA9771D1E}
		{8C31E8EB-0CCB-4442-9DDB-79822BB7D8C3} = {C3023E7B-AA8B-469E-8333-5737093A9D60}
		{EA44B820-4C3A-476C-A514-C89CAA6A0F46} = {377A4748-C426-4D5E-9A25-6D1809A7B85C}
		{FD0365CB-3F03-43B0-9FB2-FB50047BF3E5} = {377A4748-C426-4D5E-9A25-6D1809A7B85C}
		{377A4748-C426-4D5E-9A25-6D1809A7B85C} = {6A65A769-DAC3-4E99-96F9-991F4CE8D164}
		{C533106C-5699-450C-A18C-249364CBF58B} = {6A65A769-DAC3-4E99-96F9-991F4CE8D164}
		{3C583CD1-3A86-40B3-9E2F-08A3178A6566} = {6A65A769-DAC3-4E99-96F9-991F4CE8D164}
		{3AC4C0C1-AC55-4E2D-8FF6-CE04A90B00B7} = {926A0726-B806-4215-82EF-AF8E22D0FACF}
		{B4EFC288-DC3B-4700-8F76-3F286FA80395} = {6A65A769-DAC3-4E99-96F9-991F4CE8D164}
		{375A8EDE-3921-4988-A1E9-5C2E45D872B9} = {F922E543-9AD4-4031-8BD1-8A7AA9771D1E}
		{1A7BC32B-8283-423A-9D12-855FFFD6AAE1} = {F922E543-9AD4-4031-8BD1-8A7AA9771D1E}
		{528A2D8B-4792-4202-987E-876E9D0EAF03} = {F922E543-9AD4-4031-8BD1-8A7AA9771D1E}
	EndGlobalSection
	GlobalSection(ExtensibilityGlobals) = postSolution
		SolutionGuid = {6C12271F-8093-4D5D-8BEE-3318BFE40E23}
	EndGlobalSection
EndGlobal
